Microsoft Visual Studio Solution File, Format Version 9.00
# Visual Studio 2005
Project("{F184B08F-C81C-45F6-A57F-5ABD9991F28F}") = "WinWebSolution.Module", "WinWebSolution.Module\WinWebSolution.Module.vbproj", "{F49E8AEA-1016-45AE-9D24-4742671AD3FA}"
	ProjectSection(WebsiteProperties) = preProject
		Debug.AspNetCompiler.Debug = "True"
		Release.AspNetCompiler.Debug = "False"
	EndProjectSection
EndProject
Project("{F184B08F-C81C-45F6-A57F-5ABD9991F28F}") = "WinWebSolution.Web", "WinWebSolution.Web\WinWebSolution.Web.vbproj", "{B83DB027-1B2B-4DA1-A1F2-2E2260F6FB18}"
	ProjectSection(WebsiteProperties) = preProject
		Debug.AspNetCompiler.Debug = "True"
		Release.AspNetCompiler.Debug = "False"
	EndProjectSection
EndProject
Project("{F184B08F-C81C-45F6-A57F-5ABD9991F28F}") = "WinWebSolution.Win", "WinWebSolution.Win\WinWebSolution.Win.vbproj", "{B10680D6-E6A9-4D94-BC22-46F6217C8CE1}"
	ProjectSection(WebsiteProperties) = preProject
		Debug.AspNetCompiler.Debug = "True"
		Release.AspNetCompiler.Debug = "False"
	EndProjectSection
EndProject
Global
	GlobalSection(SolutionConfigurationPlatforms) = preSolution
		Debug|Any CPU = Debug|Any CPU
		Release|Any CPU = Release|Any CPU
	EndGlobalSection
	GlobalSection(ProjectConfigurationPlatforms) = postSolution
		{F49E8AEA-1016-45AE-9D24-4742671AD3FA}.Debug|Any CPU.ActiveCfg = Debug|Any CPU
		{F49E8AEA-1016-45AE-9D24-4742671AD3FA}.Debug|Any CPU.Build.0 = Debug|Any CPU
		{F49E8AEA-1016-45AE-9D24-4742671AD3FA}.Release|Any CPU.ActiveCfg = Release|Any CPU
		{F49E8AEA-1016-45AE-9D24-4742671AD3FA}.Release|Any CPU.Build.0 = Release|Any CPU
		{B83DB027-1B2B-4DA1-A1F2-2E2260F6FB18}.Debug|Any CPU.ActiveCfg = Debug|Any CPU
		{B83DB027-1B2B-4DA1-A1F2-2E2260F6FB18}.Debug|Any CPU.Build.0 = Debug|Any CPU
		{B83DB027-1B2B-4DA1-A1F2-2E2260F6FB18}.Release|Any CPU.ActiveCfg = Release|Any CPU
		{B83DB027-1B2B-4DA1-A1F2-2E2260F6FB18}.Release|Any CPU.Build.0 = Release|Any CPU
		{B10680D6-E6A9-4D94-BC22-46F6217C8CE1}.Debug|Any CPU.ActiveCfg = Debug|Any CPU
		{B10680D6-E6A9-4D94-BC22-46F6217C8CE1}.Debug|Any CPU.Build.0 = Debug|Any CPU
		{B10680D6-E6A9-4D94-BC22-46F6217C8CE1}.Release|Any CPU.ActiveCfg = Release|Any CPU
		{B10680D6-E6A9-4D94-BC22-46F6217C8CE1}.Release|Any CPU.Build.0 = Release|Any CPU
	EndGlobalSection
	GlobalSection(SolutionProperties) = preSolution
		HideSolutionNode = FALSE
	EndGlobalSection
EndGlobal
